
Microsoft Visual Studio Solution File, Format Version 12.00
# Visual Studio Version 17
VisualStudioVersion = 17.14.36221.1 d17.14
MinimumVisualStudioVersion = 10.0.40219.1
Project("{FAE04EC0-301F-11D3-BF4B-00C04F79EFBC}") = "APP_CONVERSOR", "APP_CONVERSOR\APP_CONVERSOR.csproj", "{550BB3BB-A14A-4CA5-9155-D3712FD0F0D3}"
EndProject
Global
	GlobalSection(SolutionConfigurationPlatforms) = preSolution
		Debug|Any CPU = Debug|Any CPU
		Release|Any CPU = Release|Any CPU
	EndGlobalSection
	GlobalSection(ProjectConfigurationPlatforms) = postSolution
		{550BB3BB-A14A-4CA5-9155-D3712FD0F0D3}.Debug|Any CPU.ActiveCfg = Debug|Any CPU
		{550BB3BB-A14A-4CA5-9155-D3712FD0F0D3}.Debug|Any CPU.Build.0 = Debug|Any CPU
		{550BB3BB-A14A-4CA5-9155-D3712FD0F0D3}.Release|Any CPU.ActiveCfg = Release|Any CPU
		{550BB3BB-A14A-4CA5-9155-D3712FD0F0D3}.Release|Any CPU.Build.0 = Release|Any CPU
	EndGlobalSection
	GlobalSection(SolutionProperties) = preSolution
		HideSolutionNode = FALSE
	EndGlobalSection
	GlobalSection(ExtensibilityGlobals) = postSolution
		SolutionGuid = {62DF5E65-E2D0-406B-B303-D9659DDC658E}
	EndGlobalSection
EndGlobal
